
Microsoft Visual Studio Solution File, Format Version 12.00
# Visual Studio Version 17
VisualStudioVersion = 17.3.32825.248
MinimumVisualStudioVersion = 10.0.40219.1
Project("{9A19103F-16F7-4668-BE54-9A1E7A4F7556}") = "Gallerio.Core", "Gallerio.Core\Gallerio.Core.csproj", "{1DEABCDD-EB75-4750-B332-78D7BBD4B1FA}"
EndProject
Project("{9A19103F-16F7-4668-BE54-9A1E7A4F7556}") = "Gallerio.Infrastructure", "Gallerio.Infrastructure\Gallerio.Infrastructure.csproj", "{C69725A8-9DF8-4D2E-8395-A57B7528C97C}"
EndProject
Project("{9A19103F-16F7-4668-BE54-9A1E7A4F7556}") = "Gallerio.Api", "Gallerio.Api\Gallerio.Api.csproj", "{9046DF61-DFE9-4C59-ADEF-5A0F7AC47A66}"
EndProject
Project("{2150E333-8FDC-42A3-9474-1A3956D46DE8}") = "Backend", "Backend", "{895DE7AD-1A70-41FA-AEAC-728D7C1B55FE}"
EndProject
Project("{9A19103F-16F7-4668-BE54-9A1E7A4F7556}") = "Gallerio.Core.Tests", "Gallerio.Core.Tests\Gallerio.Core.Tests.csproj", "{D40C67AD-524A-4470-88DC-C5BF2DDE6211}"
EndProject
Project("{2150E333-8FDC-42A3-9474-1A3956D46DE8}") = "Shared", "Shared", "{75831036-1B31-492D-A8C5-75E54348276D}"
EndProject
Project("{2150E333-8FDC-42A3-9474-1A3956D46DE8}") = "Frontend", "Frontend", "{0E8A07CE-F63D-4074-AD41-472F6B29CFD2}"
EndProject
Project("{9A19103F-16F7-4668-BE54-9A1E7A4F7556}") = "Gallerio.Web", "Gallerio.Web\Gallerio.Web.csproj", "{173A6446-F305-47D1-B3C1-56CE03E22482}"
EndProject
Project("{9A19103F-16F7-4668-BE54-9A1E7A4F7556}") = "Gallerio.Api.Dtos", "Gallerio.Api.Dtos\Gallerio.Api.Dtos.csproj", "{26A8A2B1-89BD-4780-B3D8-24D5EC90240A}"
EndProject
Global
	GlobalSection(SolutionConfigurationPlatforms) = preSolution
		Debug|Any CPU = Debug|Any CPU
		Release|Any CPU = Release|Any CPU
	EndGlobalSection
	GlobalSection(ProjectConfigurationPlatforms) = postSolution
		{1DEABCDD-EB75-4750-B332-78D7BBD4B1FA}.Debug|Any CPU.ActiveCfg = Debug|Any CPU
		{1DEABCDD-EB75-4750-B332-78D7BBD4B1FA}.Debug|Any CPU.Build.0 = Debug|Any CPU
		{1DEABCDD-EB75-4750-B332-78D7BBD4B1FA}.Release|Any CPU.ActiveCfg = Release|Any CPU
		{1DEABCDD-EB75-4750-B332-78D7BBD4B1FA}.Release|Any CPU.Build.0 = Release|Any CPU
		{C69725A8-9DF8-4D2E-8395-A57B7528C97C}.Debug|Any CPU.ActiveCfg = Debug|Any CPU
		{C69725A8-9DF8-4D2E-8395-A57B7528C97C}.Debug|Any CPU.Build.0 = Debug|Any CPU
		{C69725A8-9DF8-4D2E-8395-A57B7528C97C}.Release|Any CPU.ActiveCfg = Release|Any CPU
		{C69725A8-9DF8-4D2E-8395-A57B7528C97C}.Release|Any CPU.Build.0 = Release|Any CPU
		{9046DF61-DFE9-4C59-ADEF-5A0F7AC47A66}.Debug|Any CPU.ActiveCfg = Debug|Any CPU
		{9046DF61-DFE9-4C59-ADEF-5A0F7AC47A66}.Debug|Any CPU.Build.0 = Debug|Any CPU
		{9046DF61-DFE9-4C59-ADEF-5A0F7AC47A66}.Release|Any CPU.ActiveCfg = Release|Any CPU
		{9046DF61-DFE9-4C59-ADEF-5A0F7AC47A66}.Release|Any CPU.Build.0 = Release|Any CPU
		{D40C67AD-524A-4470-88DC-C5BF2DDE6211}.Debug|Any CPU.ActiveCfg = Debug|Any CPU
		{D40C67AD-524A-4470-88DC-C5BF2DDE6211}.Debug|Any CPU.Build.0 = Debug|Any CPU
		{D40C67AD-524A-4470-88DC-C5BF2DDE6211}.Release|Any CPU.ActiveCfg = Release|Any CPU
		{D40C67AD-524A-4470-88DC-C5BF2DDE6211}.Release|Any CPU.Build.0 = Release|Any CPU
		{173A6446-F305-47D1-B3C1-56CE03E22482}.Debug|Any CPU.ActiveCfg = Debug|Any CPU
		{173A6446-F305-47D1-B3C1-56CE03E22482}.Debug|Any CPU.Build.0 = Debug|Any CPU
		{173A6446-F305-47D1-B3C1-56CE03E22482}.Release|Any CPU.ActiveCfg = Release|Any CPU
		{173A6446-F305-47D1-B3C1-56CE03E22482}.Release|Any CPU.Build.0 = Release|Any CPU
		{26A8A2B1-89BD-4780-B3D8-24D5EC90240A}.Debug|Any CPU.ActiveCfg = Debug|Any CPU
		{26A8A2B1-89BD-4780-B3D8-24D5EC90240A}.Debug|Any CPU.Build.0 = Debug|Any CPU
		{26A8A2B1-89BD-4780-B3D8-24D5EC90240A}.Release|Any CPU.ActiveCfg = Release|Any CPU
		{26A8A2B1-89BD-4780-B3D8-24D5EC90240A}.Release|Any CPU.Build.0 = Release|Any CPU
	EndGlobalSection
	GlobalSection(SolutionProperties) = preSolution
		HideSolutionNode = FALSE
	EndGlobalSection
	GlobalSection(NestedProjects) = preSolution
		{1DEABCDD-EB75-4750-B332-78D7BBD4B1FA} = {895DE7AD-1A70-41FA-AEAC-728D7C1B55FE}
		{C69725A8-9DF8-4D2E-8395-A57B7528C97C} = {895DE7AD-1A70-41FA-AEAC-728D7C1B55FE}
		{9046DF61-DFE9-4C59-ADEF-5A0F7AC47A66} = {895DE7AD-1A70-41FA-AEAC-728D7C1B55FE}
		{D40C67AD-524A-4470-88DC-C5BF2DDE6211} = {895DE7AD-1A70-41FA-AEAC-728D7C1B55FE}
		{173A6446-F305-47D1-B3C1-56CE03E22482} = {0E8A07CE-F63D-4074-AD41-472F6B29CFD2}
		{26A8A2B1-89BD-4780-B3D8-24D5EC90240A} = {75831036-1B31-492D-A8C5-75E54348276D}
	EndGlobalSection
	GlobalSection(ExtensibilityGlobals) = postSolution
		SolutionGuid = {E834FE28-03A6-41C1-ABD1-D7229C1C6220}
	EndGlobalSection
EndGlobal
